name: Regenerate Bun Lockfile

on:
  push:
    branches:
      - feat/qt-webengine-runtime

permissions:
  contents: write

jobs:
  regenerate:
    if: github.actor != 'github-actions[bot]'
    runs-on: ubuntu-latest
    steps:
      - uses: actions/checkout@v6
        with:
          ref: feat/qt-webengine-runtime
      - uses: oven-sh/setup-bun@v2
        with:
          bun-version: '1'
      - name: Regenerate lockfile
        run: bun install --lockfile-only
      - name: Commit lockfile
        shell: bash
        run: |
          if git diff --quiet -- bun.lock; then
            exit 0
          fi
          git config user.name 'github-actions[bot]'
          git config user.email '41898282+github-actions[bot]@users.noreply.github.com'
          git add bun.lock
          git commit -m 'chore: refresh Bun lockfile without Electron'
          git push origin HEAD:feat/qt-webengine-runtime
